// !$*UTF8*$!
{
	archiveVersion = 1;
	classes = {
	};
	objectVersion = 46;
	objects = {

/* Begin PBXBuildFile section */
		CB6807EA1A1EB3C2009FBE79 /* AppDelegate.swift in Sources */ = {isa = PBXBuildFile; fileRef = CB6807E91A1EB3C2009FBE79 /* AppDelegate.swift */; };
		CB6807ED1A1EB3C2009FBE79 /* ToDoList.xcdatamodeld in Sources */ = {isa = PBXBuildFile; fileRef = CB6807EB1A1EB3C2009FBE79 /* ToDoList.xcdatamodeld */; };
		CB6807EF1A1EB3C2009FBE79 /* ViewController.swift in Sources */ = {isa = PBXBuildFile; fileRef = CB6807EE1A1EB3C2009FBE79 /* ViewController.swift */; };
		CB6807F21A1EB3C2009FBE79 /* Main.storyboard in Resources */ = {isa = PBXBuildFile; fileRef = CB6807F01A1EB3C2009FBE79 /* Main.storyboard */; };
		CB6807F41A1EB3C2009FBE79 /* Images.xcassets in Resources */ = {isa = PBXBuildFile; fileRef = CB6807F31A1EB3C2009FBE79 /* Images.xcassets */; };
		CB6807F71A1EB3C2009FBE79 /* LaunchScreen.xib in Resources */ = {isa = PBXBuildFile; fileRef = CB6807F51A1EB3C2009FBE79 /* LaunchScreen.xib */; };
		CB6808031A1EB3C2009FBE79 /* ToDoListTests.swift in Sources */ = {isa = PBXBuildFile; fileRef = CB6808021A1EB3C2009FBE79 /* ToDoListTests.swift */; };
/* End PBXBuildFile section */

/* Begin PBXContainerItemProxy section */
		CB6807FD1A1EB3C2009FBE79 /* PBXContainerItemProxy */ = {
			isa = PBXContainerItemProxy;
			containerPortal = CB6807DC1A1EB3C2009FBE79 /* Project object */;
			proxyType = 1;
			remoteGlobalIDString = CB6807E31A1EB3C2009FBE79;
			remoteInfo = ToDoList;
		};
/* End PBXContainerItemProxy section */

/* Begin PBXFileReference section */
		CB6807E41A1EB3C2009FBE79 /* ToDoList.app */ = {isa = PBXFileReference; explicitFileType = wrapper.application; includeInIndex = 0; path = ToDoList.app; sourceTree = BUILT_PRODUCTS_DIR; };
		CB6807E81A1EB3C2009FBE79 /* Info.plist */ = {isa = PBXFileReference; lastKnownFileType = text.plist.xml; path = Info.plist; sourceTree = "<group>"; };
		CB6807E91A1EB3C2009FBE79 /* AppDelegate.swift */ = {isa = PBXFileReference; lastKnownFileType = sourcecode.swift; path = AppDelegate.swift; sourceTree = "<group>"; };
		CB6807EC1A1EB3C2009FBE79 /* ToDoList.xcdatamodel */ = {isa = PBXFileReference; lastKnownFileType = wrapper.xcdatamodel; path = ToDoList.xcdatamodel; sourceTree = "<group>"; };
		CB6807EE1A1EB3C2009FBE79 /* ViewController.swift */ = {isa = PBXFileReference; lastKnownFileType = sourcecode.swift; path = ViewController.swift; sourceTree = "<group>"; };
		CB6807F11A1EB3C2009FBE79 /* Base */ = {isa = PBXFileReference; lastKnownFileType = file.storyboard; name = Base; path = Base.lproj/Main.storyboard; sourceTree = "<group>"; };
		CB6807F31A1EB3C2009FBE79 /* Images.xcassets */ = {isa = PBXFileReference; lastKnownFileType = folder.assetcatalog; path = Images.xcassets; sourceTree = "<group>"; };
		CB6807F61A1EB3C2009FBE79 /* Base */ = {isa = PBXFileReference; lastKnownFileType = file.xib; name = Base; path = Base.lproj/LaunchScreen.xib; sourceTree = "<group>"; };
		CB6807FC1A1EB3C2009FBE79 /* ToDoListTests.xctest */ = {isa = PBXFileReference; explicitFileType = wrapper.cfbundle; includeInIndex = 0; path = ToDoListTests.xctest; sourceTree = BUILT_PRODUCTS_DIR; };
		CB6808011A1EB3C2009FBE79 /* Info.plist */ = {isa = PBXFileReference; lastKnownFileType = text.plist.xml; path = Info.plist; sourceTree = "<group>"; };
		CB6808021A1EB3C2009FBE79 /* ToDoListTests.swift */ = {isa = PBXFileReference; lastKnownFileType = sourcecode.swift; path = ToDoListTests.swift; sourceTree = "<group>"; };
/* End PBXFileReference section */

/* Begin PBXFrameworksBuildPhase section */
		CB6807E11A1EB3C2009FBE79 /* Frameworks */ = {
			isa = PBXFrameworksBuildPhase;
			buildActionMask = 2147483647;
			files = (
			);
			runOnlyForDeploymentPostprocessing = 0;
		};
		CB6807F91A1EB3C2009FBE79 /* Frameworks */ = {
			isa = PBXFrameworksBuildPhase;
			buildActionMask = 2147483647;
			files = (
			);
			runOnlyForDeploymentPostprocessing = 0;
		};
/* End PBXFrameworksBuildPhase section */

/* Begin PBXGroup section */
		CB6807DB1A1EB3C2009FBE79 = {
			isa = PBXGroup;
			children = (
				CB6807E61A1EB3C2009FBE79 /* ToDoList */,
				CB6807FF1A1EB3C2009FBE79 /* ToDoListTests */,
				CB6807E51A1EB3C2009FBE79 /* Products */,
			);
			sourceTree = "<group>";
		};
		CB6807E51A1EB3C2009FBE79 /* Products */ = {
			isa = PBXGroup;
			children = (
				CB6807E41A1EB3C2009FBE79 /* ToDoList.app */,
				CB6807FC1A1EB3C2009FBE79 /* ToDoListTests.xctest */,
			);
			name = Products;
			sourceTree = "<group>";
		};
		CB6807E61A1EB3C2009FBE79 /* ToDoList */ = {
			isa = PBXGroup;
			children = (
				CB6807E91A1EB3C2009FBE79 /* AppDelegate.swift */,
				CB6807EE1A1EB3C2009FBE79 /* ViewController.swift */,
				CB6807F01A1EB3C2009FBE79 /* Main.storyboard */,
				CB6807F31A1EB3C2009FBE79 /* Images.xcassets */,
				CB6807F51A1EB3C2009FBE79 /* LaunchScreen.xib */,
				CB6807EB1A1EB3C2009FBE79 /* ToDoList.xcdatamodeld */,
				CB6807E71A1EB3C2009FBE79 /* Supporting Files */,
			);
			path = ToDoList;
			sourceTree = "<group>";
		};
		CB6807E71A1EB3C2009FBE79 /* Supporting Files */ = {
			isa = PBXGroup;
			children = (
				CB6807E81A1EB3C2009FBE79 /* Info.plist */,
			);
			name = "Supporting Files";
			sourceTree = "<group>";
		};
		CB6807FF1A1EB3C2009FBE79 /* ToDoListTests */ = {
			isa = PBXGroup;
			children = (
				CB6808021A1EB3C2009FBE79 /* ToDoListTests.swift */,
				CB6808001A1EB3C2009FBE79 /* Supporting Files */,
			);
			path = ToDoListTests;
			sourceTree = "<group>";
		};
		CB6808001A1EB3C2009FBE79 /* Supporting Files */ = {
			isa = PBXGroup;
			children = (
				CB6808011A1EB3C2009FBE79 /* Info.plist */,
			);
			name = "Supporting Files";
			sourceTree = "<group>";
		};
/* End PBXGroup section */

/* Begin PBXNativeTarget section */
		CB6807E31A1EB3C2009FBE79 /* ToDoList */ = {
			isa = PBXNativeTarget;
			buildConfigurationList = CB6808061A1EB3C2009FBE79 /* Build configuration list for PBXNativeTarget "ToDoList" */;
			buildPhases = (
				CB6807E01A1EB3C2009FBE79 /* Sources */,
				CB6807E11A1EB3C2009FBE79 /* Frameworks */,
				CB6807E21A1EB3C2009FBE79 /* Resources */,
			);
			buildRules = (
			);
			dependencies = (
			);
			name = ToDoList;
			productName = ToDoList;
			productReference = CB6807E41A1EB3C2009FBE79 /* ToDoList.app */;
			productType = "com.apple.product-type.application";
		};
		CB6807FB1A1EB3C2009FBE79 /* ToDoListTests */ = {
			isa = PBXNativeTarget;
			buildConfigurationList = CB6808091A1EB3C2009FBE79 /* Build configuration list for PBXNativeTarget "ToDoListTests" */;
			buildPhases = (
				CB6807F81A1EB3C2009FBE79 /* Sources */,
				CB6807F91A1EB3C2009FBE79 /* Frameworks */,
				CB6807FA1A1EB3C2009FBE79 /* Resources */,
			);
			buildRules = (
			);
			dependencies = (
				CB6807FE1A1EB3C2009FBE79 /* PBXTargetDependency */,
			);
			name = ToDoListTests;
			productName = ToDoListTests;
			productReference = CB6807FC1A1EB3C2009FBE79 /* ToDoListTests.xctest */;
			productType = "com.apple.product-type.bundle.unit-test";
		};
/* End PBXNativeTarget section */

/* Begin PBXProject section */
		CB6807DC1A1EB3C2009FBE79 /* Project object */ = {
			isa = PBXProject;
			attributes = {
				LastUpgradeCheck = 0610;
				ORGANIZATIONNAME = home;
				TargetAttributes = {
					CB6807E31A1EB3C2009FBE79 = {
						CreatedOnToolsVersion = 6.1;
					};
					CB6807FB1A1EB3C2009FBE79 = {
						CreatedOnToolsVersion = 6.1;
						TestTargetID = CB6807E31A1EB3C2009FBE79;
					};
				};
			};
			buildConfigurationList = CB6807DF1A1EB3C2009FBE79 /* Build configuration list for PBXProject "ToDoList" */;
			compatibilityVersion = "Xcode 3.2";
			developmentRegion = English;
			hasScannedForEncodings = 0;
			knownRegions = (
				en,
				Base,
			);
			mainGroup = CB6807DB1A1EB3C2009FBE79;
			productRefGroup = CB6807E51A1EB3C2009FBE79 /* Products */;
			projectDirPath = "";
			projectRoot = "";
			targets = (
				CB6807E31A1EB3C2009FBE79 /* ToDoList */,
				CB6807FB1A1EB3C2009FBE79 /* ToDoListTests */,
			);
		};
/* End PBXProject section */

/* Begin PBXResourcesBuildPhase section */
		CB6807E21A1EB3C2009FBE79 /* Resources */ = {
			isa = PBXResourcesBuildPhase;
			buildActionMask = 2147483647;
			files = (
				CB6807F21A1EB3C2009FBE79 /* Main.storyboard in Resources */,
				CB6807F71A1EB3C2009FBE79 /* LaunchScreen.xib in Resources */,
				CB6807F41A1EB3C2009FBE79 /* Images.xcassets in Resources */,
			);
			runOnlyForDeploymentPostprocessing = 0;
		};
		CB6807FA1A1EB3C2009FBE79 /* Resources */ = {
			isa = PBXResourcesBuildPhase;
			buildActionMask = 2147483647;
			files = (
			);
			runOnlyForDeploymentPostprocessing = 0;
		};
/* End PBXResourcesBuildPhase section */

/* Begin PBXSourcesBuildPhase section */
		CB6807E01A1EB3C2009FBE79 /* Sources */ = {
			isa = PBXSourcesBuildPhase;
			buildActionMask = 2147483647;
			files = (
				CB6807EF1A1EB3C2009FBE79 /* ViewController.swift in Sources */,
				CB6807EA1A1EB3C2009FBE79 /* AppDelegate.swift in Sources */,
				CB6807ED1A1EB3C2009FBE79 /* ToDoList.xcdatamodeld in Sources */,
			);
			runOnlyForDeploymentPostprocessing = 0;
		};
		CB6807F81A1EB3C2009FBE79 /* Sources */ = {
			isa = PBXSourcesBuildPhase;
			buildActionMask = 2147483647;
			files = (
				CB6808031A1EB3C2009FBE79 /* ToDoListTests.swift in Sources */,
			);
			runOnlyForDeploymentPostprocessing = 0;
		};
/* End PBXSourcesBuildPhase section */

/* Begin PBXTargetDependency section */
		CB6807FE1A1EB3C2009FBE79 /* PBXTargetDependency */ = {
			isa = PBXTargetDependency;
			target = CB6807E31A1EB3C2009FBE79 /* ToDoList */;
			targetProxy = CB6807FD1A1EB3C2009FBE79 /* PBXContainerItemProxy */;
		};
/* End PBXTargetDependency section */

/* Begin PBXVariantGroup section */
		CB6807F01A1EB3C2009FBE79 /* Main.storyboard */ = {
			isa = PBXVariantGroup;
			children = (
				CB6807F11A1EB3C2009FBE79 /* Base */,
			);
			name = Main.storyboard;
			sourceTree = "<group>";
		};
		CB6807F51A1EB3C2009FBE79 /* LaunchScreen.xib */ = {
			isa = PBXVariantGroup;
			children = (
				CB6807F61A1EB3C2009FBE79 /* Base */,
			);
			name = LaunchScreen.xib;
			sourceTree = "<group>";
		};
/* End PBXVariantGroup section */

/* Begin XCBuildConfiguration section */
		CB6808041A1EB3C2009FBE79 /* Debug */ = {
			isa = XCBuildConfiguration;
			buildSettings = {
				ALWAYS_SEARCH_USER_PATHS = NO;
				CLANG_CXX_LANGUAGE_STANDARD = "gnu++0x";
				CLANG_CXX_LIBRARY = "libc++";
				CLANG_ENABLE_MODULES = YES;
				CLANG_ENABLE_OBJC_ARC = YES;
				CLANG_WARN_BOOL_CONVERSION = YES;
				CLANG_WARN_CONSTANT_CONVERSION = YES;
				CLANG_WARN_DIRECT_OBJC_ISA_USAGE = YES_ERROR;
				CLANG_WARN_EMPTY_BODY = YES;
				CLANG_WARN_ENUM_CONVERSION = YES;
				CLANG_WARN_INT_CONVERSION = YES;
				CLANG_WARN_OBJC_ROOT_CLASS = YES_ERROR;
				CLANG_WARN_UNREACHABLE_CODE = YES;
				CLANG_WARN__DUPLICATE_METHOD_MATCH = YES;
				"CODE_SIGN_IDENTITY[sdk=iphoneos*]" = "iPhone Developer";
				COPY_PHASE_STRIP = NO;
				ENABLE_STRICT_OBJC_MSGSEND = YES;
				GCC_C_LANGUAGE_STANDARD = gnu99;
				GCC_DYNAMIC_NO_PIC = NO;
				GCC_OPTIMIZATION_LEVEL = 0;
				GCC_PREPROCESSOR_DEFINITIONS = (
					"DEBUG=1",
					"$(inherited)",
				);
				GCC_SYMBOLS_PRIVATE_EXTERN = NO;
				GCC_WARN_64_TO_32_BIT_CONVERSION = YES;
				GCC_WARN_ABOUT_RETURN_TYPE = YES_ERROR;
				GCC_WARN_UNDECLARED_SELECTOR = YES;
				GCC_WARN_UNINITIALIZED_AUTOS = YES_AGGRESSIVE;
				GCC_WARN_UNUSED_FUNCTION = YES;
				GCC_WARN_UNUSED_VARIABLE = YES;
				IPHONEOS_DEPLOYMENT_TARGET = 8.1;
				MTL_ENABLE_DEBUG_INFO = YES;
				ONLY_ACTIVE_ARCH = YES;
				SDKROOT = iphoneos;
				SWIFT_OPTIMIZATION_LEVEL = "-Onone";
			};
			name = Debug;
		};
		CB6808051A1EB3C2009FBE79 /* Release */ = {
			isa = XCBuildConfiguration;
			buildSettings = {
				ALWAYS_SEARCH_USER_PATHS = NO;
				CLANG_CXX_LANGUAGE_STANDARD = "gnu++0x";
				CLANG_CXX_LIBRARY = "libc++";
				CLANG_ENABLE_MODULES = YES;
				CLANG_ENABLE_OBJC_ARC = YES;
				CLANG_WARN_BOOL_CONVERSION = YES;
				CLANG_WARN_CONSTANT_CONVERSION = YES;
				CLANG_WARN_DIRECT_OBJC_ISA_USAGE = YES_ERROR;
				CLANG_WARN_EMPTY_BODY = YES;
				CLANG_WARN_ENUM_CONVERSION = YES;
				CLANG_WARN_INT_CONVERSION = YES;
				CLANG_WARN_OBJC_ROOT_CLASS = YES_ERROR;
				CLANG_WARN_UNREACHABLE_CODE = YES;
				CLANG_WARN__DUPLICATE_METHOD_MATCH = YES;
				"CODE_SIGN_IDENTITY[sdk=iphoneos*]" = "iPhone Developer";
				COPY_PHASE_STRIP = YES;
				ENABLE_NS_ASSERTIONS = NO;
				ENABLE_STRICT_OBJC_MSGSEND = YES;
				GCC_C_LANGUAGE_STANDARD = gnu99;
				GCC_WARN_64_TO_32_BIT_CONVERSION = YES;
				GCC_WARN_ABOUT_RETURN_TYPE = YES_ERROR;
				GCC_WARN_UNDECLARED_SELECTOR = YES;
				GCC_WARN_UNINITIALIZED_AUTOS = YES_AGGRESSIVE;
				GCC_WARN_UNUSED_FUNCTION = YES;
				GCC_WARN_UNUSED_VARIABLE = YES;
				IPHONEOS_DEPLOYMENT_TARGET = 8.1;
				MTL_ENABLE_DEBUG_INFO = NO;
				SDKROOT = iphoneos;
				VALIDATE_PRODUCT = YES;
			};
			name = Release;
		};
		CB6808071A1EB3C2009FBE79 /* Debug */ = {
			isa = XCBuildConfiguration;
			buildSettings = {
				ASSETCATALOG_COMPILER_APPICON_NAME = AppIcon;
				INFOPLIST_FILE = ToDoList/Info.plist;
				LD_RUNPATH_SEARCH_PATHS = "$(inherited) @executable_path/Frameworks";
				PRODUCT_NAME = "$(TARGET_NAME)";
			};
			name = Debug;
		};
		CB6808081A1EB3C2009FBE79 /* Release */ = {
			isa = XCBuildConfiguration;
			buildSettings = {
				ASSETCATALOG_COMPILER_APPICON_NAME = AppIcon;
				INFOPLIST_FILE = ToDoList/Info.plist;
				LD_RUNPATH_SEARCH_PATHS = "$(inherited) @executable_path/Frameworks";
				PRODUCT_NAME = "$(TARGET_NAME)";
			};
			name = Release;
		};
		CB68080A1A1EB3C2009FBE79 /* Debug */ = {
			isa = XCBuildConfiguration;
			buildSettings = {
				BUNDLE_LOADER = "$(TEST_HOST)";
				FRAMEWORK_SEARCH_PATHS = (
					"$(SDKROOT)/Developer/Library/Frameworks",
					"$(inherited)",
				);
				GCC_PREPROCESSOR_DEFINITIONS = (
					"DEBUG=1",
					"$(inherited)",
				);
				INFOPLIST_FILE = ToDoListTests/Info.plist;
				LD_RUNPATH_SEARCH_PATHS = "$(inherited) @executable_path/Frameworks @loader_path/Frameworks";
				PRODUCT_NAME = "$(TARGET_NAME)";
				TEST_HOST = "$(BUILT_PRODUCTS_DIR)/ToDoList.app/ToDoList";
			};
			name = Debug;
		};
		CB68080B1A1EB3C2009FBE79 /* Release */ = {
			isa = XCBuildConfiguration;
			buildSettings = {
				BUNDLE_LOADER = "$(TEST_HOST)";
				FRAMEWORK_SEARCH_PATHS = (
					"$(SDKROOT)/Developer/Library/Frameworks",
					"$(inherited)",
				);
				INFOPLIST_FILE = ToDoListTests/Info.plist;
				LD_RUNPATH_SEARCH_PATHS = "$(inherited) @executable_path/Frameworks @loader_path/Frameworks";
				PRODUCT_NAME = "$(TARGET_NAME)";
				TEST_HOST = "$(BUILT_PRODUCTS_DIR)/ToDoList.app/ToDoList";
			};
			name = Release;
		};
/* End XCBuildConfiguration section */

/* Begin XCConfigurationList section */
		CB6807DF1A1EB3C2009FBE79 /* Build configuration list for PBXProject "ToDoList" */ = {
			isa = XCConfigurationList;
			buildConfigurations = (
				CB6808041A1EB3C2009FBE79 /* Debug */,
				CB6808051A1EB3C2009FBE79 /* Release */,
			);
			defaultConfigurationIsVisible = 0;
			defaultConfigurationName = Release;
		};
		CB6808061A1EB3C2009FBE79 /* Build configuration list for PBXNativeTarget "ToDoList" */ = {
			isa = XCConfigurationList;
			buildConfigurations = (
				CB6808071A1EB3C2009FBE79 /* Debug */,
				CB6808081A1EB3C2009FBE79 /* Release */,
			);
			defaultConfigurationIsVisible = 0;
		};
		CB6808091A1EB3C2009FBE79 /* Build configuration list for PBXNativeTarget "ToDoListTests" */ = {
			isa = XCConfigurationList;
			buildConfigurations = (
				CB68080A1A1EB3C2009FBE79 /* Debug */,
				CB68080B1A1EB3C2009FBE79 /* Release */,
			);
			defaultConfigurationIsVisible = 0;
		};
/* End XCConfigurationList section */

/* Begin XCVersionGroup section */
		CB6807EB1A1EB3C2009FBE79 /* ToDoList.xcdatamodeld */ = {
			isa = XCVersionGroup;
			children = (
				CB6807EC1A1EB3C2009FBE79 /* ToDoList.xcdatamodel */,
			);
			currentVersion = CB6807EC1A1EB3C2009FBE79 /* ToDoList.xcdatamodel */;
			path = ToDoList.xcdatamodeld;
			sourceTree = "<group>";
			versionGroupType = wrapper.xcdatamodel;
		};
/* End XCVersionGroup section */
	};
	rootObject = CB6807DC1A1EB3C2009FBE79 /* Project object */;
}
